
Microsoft Visual Studio Solution File, Format Version 12.00
# Visual Studio Version 17
VisualStudioVersion = 17.0.31815.197
MinimumVisualStudioVersion = 10.0.40219.1
Project("{9A19103F-16F7-4668-BE54-9A1E7A4F7556}") = "BlazorTicTac.Server", "BlazorTicTac\Server\BlazorTicTac.Server.csproj", "{34B882AE-D5B2-4F61-96B0-4B1678E1E0B2}"
EndProject
Project("{9A19103F-16F7-4668-BE54-9A1E7A4F7556}") = "BlazorTicTac.Client", "BlazorTicTac\Client\BlazorTicTac.Client.csproj", "{A3FE6279-76FC-4B1D-8E42-F5DA4627BF3F}"
EndProject
Project("{9A19103F-16F7-4668-BE54-9A1E7A4F7556}") = "BlazorTicTac.Shared", "BlazorTicTac\Shared\BlazorTicTac.Shared.csproj", "{D0F1073D-94BB-4F02-A82C-5CDDCDC5FCD2}"
EndProject
Project("{FAE04EC0-301F-11D3-BF4B-00C04F79EFBC}") = "BlazorTicTac.Tests", "BlazorTicTac.Tests\BlazorTicTac.Tests.csproj", "{D13874E0-AFAE-43CF-9CDA-6C9DB81D0AE1}"
EndProject
Global
	GlobalSection(SolutionConfigurationPlatforms) = preSolution
		Debug|Any CPU = Debug|Any CPU
		Release|Any CPU = Release|Any CPU
	EndGlobalSection
	GlobalSection(ProjectConfigurationPlatforms) = postSolution
		{34B882AE-D5B2-4F61-96B0-4B1678E1E0B2}.Debug|Any CPU.ActiveCfg = Debug|Any CPU
		{34B882AE-D5B2-4F61-96B0-4B1678E1E0B2}.Debug|Any CPU.Build.0 = Debug|Any CPU
		{34B882AE-D5B2-4F61-96B0-4B1678E1E0B2}.Release|Any CPU.ActiveCfg = Release|Any CPU
		{34B882AE-D5B2-4F61-96B0-4B1678E1E0B2}.Release|Any CPU.Build.0 = Release|Any CPU
		{A3FE6279-76FC-4B1D-8E42-F5DA4627BF3F}.Debug|Any CPU.ActiveCfg = Debug|Any CPU
		{A3FE6279-76FC-4B1D-8E42-F5DA4627BF3F}.Debug|Any CPU.Build.0 = Debug|Any CPU
		{A3FE6279-76FC-4B1D-8E42-F5DA4627BF3F}.Release|Any CPU.ActiveCfg = Release|Any CPU
		{A3FE6279-76FC-4B1D-8E42-F5DA4627BF3F}.Release|Any CPU.Build.0 = Release|Any CPU
		{D0F1073D-94BB-4F02-A82C-5CDDCDC5FCD2}.Debug|Any CPU.ActiveCfg = Debug|Any CPU
		{D0F1073D-94BB-4F02-A82C-5CDDCDC5FCD2}.Debug|Any CPU.Build.0 = Debug|Any CPU
		{D0F1073D-94BB-4F02-A82C-5CDDCDC5FCD2}.Release|Any CPU.ActiveCfg = Release|Any CPU
		{D0F1073D-94BB-4F02-A82C-5CDDCDC5FCD2}.Release|Any CPU.Build.0 = Release|Any CPU
		{D13874E0-AFAE-43CF-9CDA-6C9DB81D0AE1}.Debug|Any CPU.ActiveCfg = Debug|Any CPU
		{D13874E0-AFAE-43CF-9CDA-6C9DB81D0AE1}.Debug|Any CPU.Build.0 = Debug|Any CPU
		{D13874E0-AFAE-43CF-9CDA-6C9DB81D0AE1}.Release|Any CPU.ActiveCfg = Release|Any CPU
		{D13874E0-AFAE-43CF-9CDA-6C9DB81D0AE1}.Release|Any CPU.Build.0 = Release|Any CPU
	EndGlobalSection
	GlobalSection(SolutionProperties) = preSolution
		HideSolutionNode = FALSE
	EndGlobalSection
	GlobalSection(ExtensibilityGlobals) = postSolution
		SolutionGuid = {C6ACB9B2-48C4-449C-A77F-0ACEFF29EF30}
	EndGlobalSection
EndGlobal
